
Microsoft Visual Studio Solution File, Format Version 12.00
# Visual Studio Version 16
VisualStudioVersion = 16.0.30517.126
MinimumVisualStudioVersion = 10.0.40219.1
Project("{FAE04EC0-301F-11D3-BF4B-00C04F79EFBC}") = "TurretCommander", "TurretCommander\TurretCommander.csproj", "{91BEEBF7-0B4A-40AB-B299-564D736FA8A8}"
EndProject
Global
	GlobalSection(SolutionConfigurationPlatforms) = preSolution
		Debug|Any CPU = Debug|Any CPU
		Release|Any CPU = Release|Any CPU
	EndGlobalSection
	GlobalSection(ProjectConfigurationPlatforms) = postSolution
		{91BEEBF7-0B4A-40AB-B299-564D736FA8A8}.Debug|Any CPU.ActiveCfg = Debug|Any CPU
		{91BEEBF7-0B4A-40AB-B299-564D736FA8A8}.Debug|Any CPU.Build.0 = Debug|Any CPU
		{91BEEBF7-0B4A-40AB-B299-564D736FA8A8}.Release|Any CPU.ActiveCfg = Release|Any CPU
		{91BEEBF7-0B4A-40AB-B299-564D736FA8A8}.Release|Any CPU.Build.0 = Release|Any CPU
	EndGlobalSection
	GlobalSection(SolutionProperties) = preSolution
		HideSolutionNode = FALSE
	EndGlobalSection
	GlobalSection(ExtensibilityGlobals) = postSolution
		SolutionGuid = {B8F39478-628C-4C72-BE01-5D3F7453B270}
	EndGlobalSection
EndGlobal
